
Microsoft Visual Studio Solution File, Format Version 12.00
# Visual Studio Version 16
VisualStudioVersion = 16.0.30804.86
MinimumVisualStudioVersion = 10.0.40219.1
Project("{FAE04EC0-301F-11D3-BF4B-00C04F79EFBC}") = "Music", "Music.csproj", "{1839DDAC-93DF-476E-B81C-5A3C6B85BD33}"
EndProject
Global
	GlobalSection(SolutionConfigurationPlatforms) = preSolution
		Debug|Any CPU = Debug|Any CPU
		Release|Any CPU = Release|Any CPU
	EndGlobalSection
	GlobalSection(ProjectConfigurationPlatforms) = postSolution
		{1839DDAC-93DF-476E-B81C-5A3C6B85BD33}.Debug|Any CPU.ActiveCfg = Debug|Any CPU
		{1839DDAC-93DF-476E-B81C-5A3C6B85BD33}.Debug|Any CPU.Build.0 = Debug|Any CPU
		{1839DDAC-93DF-476E-B81C-5A3C6B85BD33}.Release|Any CPU.ActiveCfg = Release|Any CPU
		{1839DDAC-93DF-476E-B81C-5A3C6B85BD33}.Release|Any CPU.Build.0 = Release|Any CPU
	EndGlobalSection
	GlobalSection(SolutionProperties) = preSolution
		HideSolutionNode = FALSE
	EndGlobalSection
	GlobalSection(ExtensibilityGlobals) = postSolution
		SolutionGuid = {24D0E932-3039-4B13-8483-5AE2B38383CD}
	EndGlobalSection
EndGlobal
